
Microsoft Visual Studio Solution File, Format Version 12.00
# Visual Studio Version 17
VisualStudioVersion = 17.2.32602.215
MinimumVisualStudioVersion = 10.0.40219.1
Project("{FAE04EC0-301F-11D3-BF4B-00C04F79EFBC}") = "Lab1Prog", "Lab1Prog\Lab1Prog.csproj", "{8A554509-BFD7-4630-9CAB-12358B75E3A4}"
EndProject
Project("{FAE04EC0-301F-11D3-BF4B-00C04F79EFBC}") = "Lab1progTests", "Lab1progTests\Lab1progTests.csproj", "{C8B8ED56-5C65-4B85-8356-95110DA5E262}"
EndProject
Project("{FAE04EC0-301F-11D3-BF4B-00C04F79EFBC}") = "Lab4progsem3", "Lab4progsem3\Lab4progsem3.csproj", "{E8C26919-AAD8-482D-AA5D-8C035E9FD746}"
EndProject
Project("{FAE04EC0-301F-11D3-BF4B-00C04F79EFBC}") = "Lab5prog.Domain", "Lab5prog.Domain\Lab5prog.Domain.csproj", "{B86CFB0A-223E-41EE-AB52-F540361EC1F7}"
EndProject
Project("{FAE04EC0-301F-11D3-BF4B-00C04F79EFBC}") = "SerializerLab5", "SerializerLab5\SerializerLab5.csproj", "{F1FEF719-01F0-409C-84D3-524B1F7607E2}"
EndProject
Project("{FAE04EC0-301F-11D3-BF4B-00C04F79EFBC}") = "Lab5prog", "Lab5prog\Lab5prog.csproj", "{90B1BE9E-6649-421D-BC55-498ACF24FB17}"
EndProject
Global
	GlobalSection(SolutionConfigurationPlatforms) = preSolution
		Debug|Any CPU = Debug|Any CPU
		Release|Any CPU = Release|Any CPU
	EndGlobalSection
	GlobalSection(ProjectConfigurationPlatforms) = postSolution
		{8A554509-BFD7-4630-9CAB-12358B75E3A4}.Debug|Any CPU.ActiveCfg = Debug|Any CPU
		{8A554509-BFD7-4630-9CAB-12358B75E3A4}.Debug|Any CPU.Build.0 = Debug|Any CPU
		{8A554509-BFD7-4630-9CAB-12358B75E3A4}.Release|Any CPU.ActiveCfg = Release|Any CPU
		{8A554509-BFD7-4630-9CAB-12358B75E3A4}.Release|Any CPU.Build.0 = Release|Any CPU
		{C8B8ED56-5C65-4B85-8356-95110DA5E262}.Debug|Any CPU.ActiveCfg = Debug|Any CPU
		{C8B8ED56-5C65-4B85-8356-95110DA5E262}.Debug|Any CPU.Build.0 = Debug|Any CPU
		{C8B8ED56-5C65-4B85-8356-95110DA5E262}.Release|Any CPU.ActiveCfg = Release|Any CPU
		{C8B8ED56-5C65-4B85-8356-95110DA5E262}.Release|Any CPU.Build.0 = Release|Any CPU
		{E8C26919-AAD8-482D-AA5D-8C035E9FD746}.Debug|Any CPU.ActiveCfg = Debug|Any CPU
		{E8C26919-AAD8-482D-AA5D-8C035E9FD746}.Debug|Any CPU.Build.0 = Debug|Any CPU
		{E8C26919-AAD8-482D-AA5D-8C035E9FD746}.Release|Any CPU.ActiveCfg = Release|Any CPU
		{E8C26919-AAD8-482D-AA5D-8C035E9FD746}.Release|Any CPU.Build.0 = Release|Any CPU
		{B86CFB0A-223E-41EE-AB52-F540361EC1F7}.Debug|Any CPU.ActiveCfg = Debug|Any CPU
		{B86CFB0A-223E-41EE-AB52-F540361EC1F7}.Debug|Any CPU.Build.0 = Debug|Any CPU
		{B86CFB0A-223E-41EE-AB52-F540361EC1F7}.Release|Any CPU.ActiveCfg = Release|Any CPU
		{B86CFB0A-223E-41EE-AB52-F540361EC1F7}.Release|Any CPU.Build.0 = Release|Any CPU
		{F1FEF719-01F0-409C-84D3-524B1F7607E2}.Debug|Any CPU.ActiveCfg = Debug|Any CPU
		{F1FEF719-01F0-409C-84D3-524B1F7607E2}.Debug|Any CPU.Build.0 = Debug|Any CPU
		{F1FEF719-01F0-409C-84D3-524B1F7607E2}.Release|Any CPU.ActiveCfg = Release|Any CPU
		{F1FEF719-01F0-409C-84D3-524B1F7607E2}.Release|Any CPU.Build.0 = Release|Any CPU
		{90B1BE9E-6649-421D-BC55-498ACF24FB17}.Debug|Any CPU.ActiveCfg = Debug|Any CPU
		{90B1BE9E-6649-421D-BC55-498ACF24FB17}.Debug|Any CPU.Build.0 = Debug|Any CPU
		{90B1BE9E-6649-421D-BC55-498ACF24FB17}.Release|Any CPU.ActiveCfg = Release|Any CPU
		{90B1BE9E-6649-421D-BC55-498ACF24FB17}.Release|Any CPU.Build.0 = Release|Any CPU
	EndGlobalSection
	GlobalSection(SolutionProperties) = preSolution
		HideSolutionNode = FALSE
	EndGlobalSection
	GlobalSection(ExtensibilityGlobals) = postSolution
		SolutionGuid = {7ED507EB-401B-41EC-B16E-A210D47A87DE}
	EndGlobalSection
EndGlobal
