
Microsoft Visual Studio Solution File, Format Version 12.00
# Visual Studio Version 16
VisualStudioVersion = 16.0.32106.194
MinimumVisualStudioVersion = 10.0.40219.1
Project("{FAE04EC0-301F-11D3-BF4B-00C04F79EFBC}") = "Lab7prog", "Lab7prog\Lab7prog.csproj", "{38A14F44-1E27-4B5B-BAC5-3A8075A14B61}"
EndProject
Project("{FAE04EC0-301F-11D3-BF4B-00C04F79EFBC}") = "Lab7progTests", "Lab7progTests\Lab7progTests.csproj", "{A904FBE9-73FE-4969-9733-30B0746E6B44}"
EndProject
Global
	GlobalSection(SolutionConfigurationPlatforms) = preSolution
		Debug|Any CPU = Debug|Any CPU
		Release|Any CPU = Release|Any CPU
	EndGlobalSection
	GlobalSection(ProjectConfigurationPlatforms) = postSolution
		{38A14F44-1E27-4B5B-BAC5-3A8075A14B61}.Debug|Any CPU.ActiveCfg = Debug|Any CPU
		{38A14F44-1E27-4B5B-BAC5-3A8075A14B61}.Debug|Any CPU.Build.0 = Debug|Any CPU
		{38A14F44-1E27-4B5B-BAC5-3A8075A14B61}.Release|Any CPU.ActiveCfg = Release|Any CPU
		{38A14F44-1E27-4B5B-BAC5-3A8075A14B61}.Release|Any CPU.Build.0 = Release|Any CPU
		{A904FBE9-73FE-4969-9733-30B0746E6B44}.Debug|Any CPU.ActiveCfg = Debug|Any CPU
		{A904FBE9-73FE-4969-9733-30B0746E6B44}.Debug|Any CPU.Build.0 = Debug|Any CPU
		{A904FBE9-73FE-4969-9733-30B0746E6B44}.Release|Any CPU.ActiveCfg = Release|Any CPU
		{A904FBE9-73FE-4969-9733-30B0746E6B44}.Release|Any CPU.Build.0 = Release|Any CPU
	EndGlobalSection
	GlobalSection(SolutionProperties) = preSolution
		HideSolutionNode = FALSE
	EndGlobalSection
	GlobalSection(ExtensibilityGlobals) = postSolution
		SolutionGuid = {4C5B59B6-8109-4DC8-A68C-4BA7E713A926}
	EndGlobalSection
EndGlobal
